
Microsoft Visual Studio Solution File, Format Version 12.00
# Visual Studio 2012
Project("{FAE04EC0-301F-11D3-BF4B-00C04F79EFBC}") = "MyPlugin", "MyPlugin\MyPlugin.csproj", "{69B018F3-6599-4348-8308-23754571A7A9}"
EndProject
Project("{FAE04EC0-301F-11D3-BF4B-00C04F79EFBC}") = "MyPluginClient", "MyPluginClient\MyPluginClient.csproj", "{AB2656E1-7363-4DA1-B43C-48F1AF99E037}"
EndProject
Global
	GlobalSection(SolutionConfigurationPlatforms) = preSolution
		Debug|Any CPU = Debug|Any CPU
		Release|Any CPU = Release|Any CPU
	EndGlobalSection
	GlobalSection(ProjectConfigurationPlatforms) = postSolution
		{69B018F3-6599-4348-8308-23754571A7A9}.Debug|Any CPU.ActiveCfg = Debug|Any CPU
		{69B018F3-6599-4348-8308-23754571A7A9}.Debug|Any CPU.Build.0 = Debug|Any CPU
		{69B018F3-6599-4348-8308-23754571A7A9}.Release|Any CPU.ActiveCfg = Release|Any CPU
		{69B018F3-6599-4348-8308-23754571A7A9}.Release|Any CPU.Build.0 = Release|Any CPU
		{AB2656E1-7363-4DA1-B43C-48F1AF99E037}.Debug|Any CPU.ActiveCfg = Debug|Any CPU
		{AB2656E1-7363-4DA1-B43C-48F1AF99E037}.Debug|Any CPU.Build.0 = Debug|Any CPU
		{AB2656E1-7363-4DA1-B43C-48F1AF99E037}.Release|Any CPU.ActiveCfg = Release|Any CPU
		{AB2656E1-7363-4DA1-B43C-48F1AF99E037}.Release|Any CPU.Build.0 = Release|Any CPU
	EndGlobalSection
	GlobalSection(SolutionProperties) = preSolution
		HideSolutionNode = FALSE
	EndGlobalSection
EndGlobal
